
Microsoft Visual Studio Solution File, Format Version 12.00
# Visual Studio Version 16
VisualStudioVersion = 16.0.33214.272
MinimumVisualStudioVersion = 10.0.40219.1
Project("{FAE04EC0-301F-11D3-BF4B-00C04F79EFBC}") = "Adactinapp", "Adactinapp.csproj", "{CE72EFD7-2CFE-476E-A0A2-E8B84543A8FF}"
EndProject
Global
	GlobalSection(SolutionConfigurationPlatforms) = preSolution
		Debug|Any CPU = Debug|Any CPU
		Release|Any CPU = Release|Any CPU
	EndGlobalSection
	GlobalSection(ProjectConfigurationPlatforms) = postSolution
		{CE72EFD7-2CFE-476E-A0A2-E8B84543A8FF}.Debug|Any CPU.ActiveCfg = Debug|Any CPU
		{CE72EFD7-2CFE-476E-A0A2-E8B84543A8FF}.Debug|Any CPU.Build.0 = Debug|Any CPU
		{CE72EFD7-2CFE-476E-A0A2-E8B84543A8FF}.Release|Any CPU.ActiveCfg = Release|Any CPU
		{CE72EFD7-2CFE-476E-A0A2-E8B84543A8FF}.Release|Any CPU.Build.0 = Release|Any CPU
	EndGlobalSection
	GlobalSection(SolutionProperties) = preSolution
		HideSolutionNode = FALSE
	EndGlobalSection
	GlobalSection(ExtensibilityGlobals) = postSolution
		SolutionGuid = {375452D0-728A-4BCC-B9E0-4F453219D521}
	EndGlobalSection
EndGlobal
